Microsoft Visual Studio Solution File, Format Version 12.00
# Visual Studio 2012
Project("{FAE04EC0-301F-11D3-BF4B-00C04F79EFBC}") = "SuperPlatformer", "SuperPlatformer.csproj", "{74B407BB-AA87-4EFB-9EA2-C38067D8EACE}"
EndProject
Global
	GlobalSection(SolutionConfigurationPlatforms) = preSolution
	Debug|Any CPU = Debug|Any CPU
	ExportDebug|Any CPU = ExportDebug|Any CPU
	ExportRelease|Any CPU = ExportRelease|Any CPU
	EndGlobalSection
	GlobalSection(ProjectConfigurationPlatforms) = postSolution
		{74B407BB-AA87-4EFB-9EA2-C38067D8EACE}.Debug|Any CPU.ActiveCfg = Debug|Any CPU
		{74B407BB-AA87-4EFB-9EA2-C38067D8EACE}.Debug|Any CPU.Build.0 = Debug|Any CPU
		{74B407BB-AA87-4EFB-9EA2-C38067D8EACE}.ExportDebug|Any CPU.ActiveCfg = ExportDebug|Any CPU
		{74B407BB-AA87-4EFB-9EA2-C38067D8EACE}.ExportDebug|Any CPU.Build.0 = ExportDebug|Any CPU
		{74B407BB-AA87-4EFB-9EA2-C38067D8EACE}.ExportRelease|Any CPU.ActiveCfg = ExportRelease|Any CPU
		{74B407BB-AA87-4EFB-9EA2-C38067D8EACE}.ExportRelease|Any CPU.Build.0 = ExportRelease|Any CPU
	EndGlobalSection
EndGlobal
